
Microsoft Visual Studio Solution File, Format Version 12.00
# Visual Studio Version 16
VisualStudioVersion = 16.0.31729.503
MinimumVisualStudioVersion = 10.0.40219.1
Project("{FAE04EC0-301F-11D3-BF4B-00C04F79EFBC}") = "WinFormsEFSample", "WinFormsEFSample\WinFormsEFSample.csproj", "{7F45D5C7-1A96-463C-8C0D-8828C8572546}"
EndProject
Global
	GlobalSection(SolutionConfigurationPlatforms) = preSolution
		Debug|Any CPU = Debug|Any CPU
		Release|Any CPU = Release|Any CPU
	EndGlobalSection
	GlobalSection(ProjectConfigurationPlatforms) = postSolution
		{7F45D5C7-1A96-463C-8C0D-8828C8572546}.Debug|Any CPU.ActiveCfg = Debug|Any CPU
		{7F45D5C7-1A96-463C-8C0D-8828C8572546}.Debug|Any CPU.Build.0 = Debug|Any CPU
		{7F45D5C7-1A96-463C-8C0D-8828C8572546}.Release|Any CPU.ActiveCfg = Release|Any CPU
		{7F45D5C7-1A96-463C-8C0D-8828C8572546}.Release|Any CPU.Build.0 = Release|Any CPU
	EndGlobalSection
	GlobalSection(SolutionProperties) = preSolution
		HideSolutionNode = FALSE
	EndGlobalSection
	GlobalSection(ExtensibilityGlobals) = postSolution
		SolutionGuid = {417F6A39-36ED-4D93-B060-68CA2B4A1A67}
	EndGlobalSection
EndGlobal
